// !$*UTF8*$!
{
	archiveVersion = 1;
	classes = {
	};
	objectVersion = 48;
	objects = {

/* Begin PBXBuildFile section */
		FF436BBB1FB5B3320025CDB6 /* AppDelegate.swift in Sources */ = {isa = PBXBuildFile; fileRef = FF436BBA1FB5B3320025CDB6 /* AppDelegate.swift */; };
		FF436BBD1FB5B3320025CDB6 /* ViewController.swift in Sources */ = {isa = PBXBuildFile; fileRef = FF436BBC1FB5B3320025CDB6 /* ViewController.swift */; };
		FF436BBF1FB5B3320025CDB6 /* Assets.xcassets in Resources */ = {isa = PBXBuildFile; fileRef = FF436BBE1FB5B3320025CDB6 /* Assets.xcassets */; };
		FF436BC21FB5B3320025CDB6 /* Main.storyboard in Resources */ = {isa = PBXBuildFile; fileRef = FF436BC01FB5B3320025CDB6 /* Main.storyboard */; };
		FF436BCC1FB5BCA30025CDB6 /* IXRefreshableScrollView.swift in Sources */ = {isa = PBXBuildFile; fileRef = FF436BCB1FB5BB100025CDB6 /* IXRefreshableScrollView.swift */; };
/* End PBXBuildFile section */

/* Begin PBXFileReference section */
		FF436BB71FB5B3320025CDB6 /* IXRefreshableScrollView.app */ = {isa = PBXFileReference; explicitFileType = wrapper.application; includeInIndex = 0; path = IXRefreshableScrollView.app; sourceTree = BUILT_PRODUCTS_DIR; };
		FF436BBA1FB5B3320025CDB6 /* AppDelegate.swift */ = {isa = PBXFileReference; lastKnownFileType = sourcecode.swift; path = AppDelegate.swift; sourceTree = "<group>"; };
		FF436BBC1FB5B3320025CDB6 /* ViewController.swift */ = {isa = PBXFileReference; lastKnownFileType = sourcecode.swift; path = ViewController.swift; sourceTree = "<group>"; };
		FF436BBE1FB5B3320025CDB6 /* Assets.xcassets */ = {isa = PBXFileReference; lastKnownFileType = folder.assetcatalog; path = Assets.xcassets; sourceTree = "<group>"; };
		FF436BC11FB5B3320025CDB6 /* Base */ = {isa = PBXFileReference; lastKnownFileType = file.storyboard; name = Base; path = Base.lproj/Main.storyboard; sourceTree = "<group>"; };
		FF436BC31FB5B3320025CDB6 /* Info.plist */ = {isa = PBXFileReference; lastKnownFileType = text.plist.xml; path = Info.plist; sourceTree = "<group>"; };
		FF436BC41FB5B3320025CDB6 /* IXRefreshableScrollView.entitlements */ = {isa = PBXFileReference; lastKnownFileType = text.plist.entitlements; path = IXRefreshableScrollView.entitlements; sourceTree = "<group>"; };
		FF436BCB1FB5BB100025CDB6 /* IXRefreshableScrollView.swift */ = {isa = PBXFileReference; lastKnownFileType = sourcecode.swift; path = IXRefreshableScrollView.swift; sourceTree = "<group>"; };
/* End PBXFileReference section */

/* Begin PBXFrameworksBuildPhase section */
		FF436BB41FB5B3320025CDB6 /* Frameworks */ = {
			isa = PBXFrameworksBuildPhase;
			buildActionMask = 2147483647;
			files = (
			);
			runOnlyForDeploymentPostprocessing = 0;
		};
/* End PBXFrameworksBuildPhase section */

/* Begin PBXGroup section */
		FF436BAE1FB5B3320025CDB6 = {
			isa = PBXGroup;
			children = (
				FF436BB91FB5B3320025CDB6 /* IXRefreshableScrollView */,
				FF436BB81FB5B3320025CDB6 /* Products */,
			);
			sourceTree = "<group>";
		};
		FF436BB81FB5B3320025CDB6 /* Products */ = {
			isa = PBXGroup;
			children = (
				FF436BB71FB5B3320025CDB6 /* IXRefreshableScrollView.app */,
			);
			name = Products;
			sourceTree = "<group>";
		};
		FF436BB91FB5B3320025CDB6 /* IXRefreshableScrollView */ = {
			isa = PBXGroup;
			children = (
				FF436BCB1FB5BB100025CDB6 /* IXRefreshableScrollView.swift */,
				FF436BBA1FB5B3320025CDB6 /* AppDelegate.swift */,
				FF436BBC1FB5B3320025CDB6 /* ViewController.swift */,
				FF436BBE1FB5B3320025CDB6 /* Assets.xcassets */,
				FF436BC01FB5B3320025CDB6 /* Main.storyboard */,
				FF436BC31FB5B3320025CDB6 /* Info.plist */,
				FF436BC41FB5B3320025CDB6 /* IXRefreshableScrollView.entitlements */,
			);
			path = IXRefreshableScrollView;
			sourceTree = "<group>";
		};
/* End PBXGroup section */

/* Begin PBXNativeTarget section */
		FF436BB61FB5B3320025CDB6 /* IXRefreshableScrollView */ = {
			isa = PBXNativeTarget;
			buildConfigurationList = FF436BC71FB5B3320025CDB6 /* Build configuration list for PBXNativeTarget "IXRefreshableScrollView" */;
			buildPhases = (
				FF436BB31FB5B3320025CDB6 /* Sources */,
				FF436BB41FB5B3320025CDB6 /* Frameworks */,
				FF436BB51FB5B3320025CDB6 /* Resources */,
			);
			buildRules = (
			);
			dependencies = (
			);
			name = IXRefreshableScrollView;
			productName = IXRefreshableScrollView;
			productReference = FF436BB71FB5B3320025CDB6 /* IXRefreshableScrollView.app */;
			productType = "com.apple.product-type.application";
		};
/* End PBXNativeTarget section */

/* Begin PBXProject section */
		FF436BAF1FB5B3320025CDB6 /* Project object */ = {
			isa = PBXProject;
			attributes = {
				LastSwiftUpdateCheck = 0900;
				LastUpgradeCheck = 0900;
				ORGANIZATIONNAME = IXAN;
				TargetAttributes = {
					FF436BB61FB5B3320025CDB6 = {
						CreatedOnToolsVersion = 9.0;
						ProvisioningStyle = Automatic;
						SystemCapabilities = {
							com.apple.Sandbox = {
								enabled = 0;
							};
						};
					};
				};
			};
			buildConfigurationList = FF436BB21FB5B3320025CDB6 /* Build configuration list for PBXProject "IXRefreshableScrollView" */;
			compatibilityVersion = "Xcode 8.0";
			developmentRegion = en;
			hasScannedForEncodings = 0;
			knownRegions = (
				en,
				Base,
			);
			mainGroup = FF436BAE1FB5B3320025CDB6;
			productRefGroup = FF436BB81FB5B3320025CDB6 /* Products */;
			projectDirPath = "";
			projectRoot = "";
			targets = (
				FF436BB61FB5B3320025CDB6 /* IXRefreshableScrollView */,
			);
		};
/* End PBXProject section */

/* Begin PBXResourcesBuildPhase section */
		FF436BB51FB5B3320025CDB6 /* Resources */ = {
			isa = PBXResourcesBuildPhase;
			buildActionMask = 2147483647;
			files = (
				FF436BBF1FB5B3320025CDB6 /* Assets.xcassets in Resources */,
				FF436BC21FB5B3320025CDB6 /* Main.storyboard in Resources */,
			);
			runOnlyForDeploymentPostprocessing = 0;
		};
/* End PBXResourcesBuildPhase section */

/* Begin PBXSourcesBuildPhase section */
		FF436BB31FB5B3320025CDB6 /* Sources */ = {
			isa = PBXSourcesBuildPhase;
			buildActionMask = 2147483647;
			files = (
				FF436BBD1FB5B3320025CDB6 /* ViewController.swift in Sources */,
				FF436BCC1FB5BCA30025CDB6 /* IXRefreshableScrollView.swift in Sources */,
				FF436BBB1FB5B3320025CDB6 /* AppDelegate.swift in Sources */,
			);
			runOnlyForDeploymentPostprocessing = 0;
		};
/* End PBXSourcesBuildPhase section */

/* Begin PBXVariantGroup section */
		FF436BC01FB5B3320025CDB6 /* Main.storyboard */ = {
			isa = PBXVariantGroup;
			children = (
				FF436BC11FB5B3320025CDB6 /* Base */,
			);
			name = Main.storyboard;
			sourceTree = "<group>";
		};
/* End PBXVariantGroup section */

/* Begin XCBuildConfiguration section */
		FF436BC51FB5B3320025CDB6 /* Debug */ = {
			isa = XCBuildConfiguration;
			buildSettings = {
				ALWAYS_SEARCH_USER_PATHS = NO;
				CLANG_ANALYZER_NONNULL = YES;
				CLANG_ANALYZER_NUMBER_OBJECT_CONVERSION = YES_AGGRESSIVE;
				CLANG_CXX_LANGUAGE_STANDARD = "gnu++14";
				CLANG_CXX_LIBRARY = "libc++";
				CLANG_ENABLE_MODULES = YES;
				CLANG_ENABLE_OBJC_ARC = YES;
				CLANG_WARN_BLOCK_CAPTURE_AUTORELEASING = YES;
				CLANG_WARN_BOOL_CONVERSION = YES;
				CLANG_WARN_COMMA = YES;
				CLANG_WARN_CONSTANT_CONVERSION = YES;
				CLANG_WARN_DIRECT_OBJC_ISA_USAGE = YES_ERROR;
				CLANG_WARN_DOCUMENTATION_COMMENTS = YES;
				CLANG_WARN_EMPTY_BODY = YES;
				CLANG_WARN_ENUM_CONVERSION = YES;
				CLANG_WARN_INFINITE_RECURSION = YES;
				CLANG_WARN_INT_CONVERSION = YES;
				CLANG_WARN_NON_LITERAL_NULL_CONVERSION = YES;
				CLANG_WARN_OBJC_LITERAL_CONVERSION = YES;
				CLANG_WARN_OBJC_ROOT_CLASS = YES_ERROR;
				CLANG_WARN_RANGE_LOOP_ANALYSIS = YES;
				CLANG_WARN_STRICT_PROTOTYPES = YES;
				CLANG_WARN_SUSPICIOUS_MOVE = YES;
				CLANG_WARN_UNGUARDED_AVAILABILITY = YES_AGGRESSIVE;
				CLANG_WARN_UNREACHABLE_CODE = YES;
				CLANG_WARN__DUPLICATE_METHOD_MATCH = YES;
				CODE_SIGN_IDENTITY = "-";
				COPY_PHASE_STRIP = NO;
				DEBUG_INFORMATION_FORMAT = dwarf;
				ENABLE_STRICT_OBJC_MSGSEND = YES;
				ENABLE_TESTABILITY = YES;
				GCC_C_LANGUAGE_STANDARD = gnu11;
				GCC_DYNAMIC_NO_PIC = NO;
				GCC_NO_COMMON_BLOCKS = YES;
				GCC_OPTIMIZATION_LEVEL = 0;
				GCC_PREPROCESSOR_DEFINITIONS = (
					"DEBUG=1",
					"$(inherited)",
				);
				GCC_WARN_64_TO_32_BIT_CONVERSION = YES;
				GCC_WARN_ABOUT_RETURN_TYPE = YES_ERROR;
				GCC_WARN_UNDECLARED_SELECTOR = YES;
				GCC_WARN_UNINITIALIZED_AUTOS = YES_AGGRESSIVE;
				GCC_WARN_UNUSED_FUNCTION = YES;
				GCC_WARN_UNUSED_VARIABLE = YES;
				MACOSX_DEPLOYMENT_TARGET = 10.13;
				MTL_ENABLE_DEBUG_INFO = YES;
				ONLY_ACTIVE_ARCH = YES;
				SDKROOT = macosx;
				SWIFT_ACTIVE_COMPILATION_CONDITIONS = DEBUG;
				SWIFT_OPTIMIZATION_LEVEL = "-Onone";
			};
			name = Debug;
		};
		FF436BC61FB5B3320025CDB6 /* Release */ = {
			isa = XCBuildConfiguration;
			buildSettings = {
				ALWAYS_SEARCH_USER_PATHS = NO;
				CLANG_ANALYZER_NONNULL = YES;
				CLANG_ANALYZER_NUMBER_OBJECT_CONVERSION = YES_AGGRESSIVE;
				CLANG_CXX_LANGUAGE_STANDARD = "gnu++14";
				CLANG_CXX_LIBRARY = "libc++";
				CLANG_ENABLE_MODULES = YES;
				CLANG_ENABLE_OBJC_ARC = YES;
				CLANG_WARN_BLOCK_CAPTURE_AUTORELEASING = YES;
				CLANG_WARN_BOOL_CONVERSION = YES;
				CLANG_WARN_COMMA = YES;
				CLANG_WARN_CONSTANT_CONVERSION = YES;
				CLANG_WARN_DIRECT_OBJC_ISA_USAGE = YES_ERROR;
				CLANG_WARN_DOCUMENTATION_COMMENTS = YES;
				CLANG_WARN_EMPTY_BODY = YES;
				CLANG_WARN_ENUM_CONVERSION = YES;
				CLANG_WARN_INFINITE_RECURSION = YES;
				CLANG_WARN_INT_CONVERSION = YES;
				CLANG_WARN_NON_LITERAL_NULL_CONVERSION = YES;
				CLANG_WARN_OBJC_LITERAL_CONVERSION = YES;
				CLANG_WARN_OBJC_ROOT_CLASS = YES_ERROR;
				CLANG_WARN_RANGE_LOOP_ANALYSIS = YES;
				CLANG_WARN_STRICT_PROTOTYPES = YES;
				CLANG_WARN_SUSPICIOUS_MOVE = YES;
				CLANG_WARN_UNGUARDED_AVAILABILITY = YES_AGGRESSIVE;
				CLANG_WARN_UNREACHABLE_CODE = YES;
				CLANG_WARN__DUPLICATE_METHOD_MATCH = YES;
				CODE_SIGN_IDENTITY = "-";
				COPY_PHASE_STRIP = NO;
				DEBUG_INFORMATION_FORMAT = "dwarf-with-dsym";
				ENABLE_NS_ASSERTIONS = NO;
				ENABLE_STRICT_OBJC_MSGSEND = YES;
				GCC_C_LANGUAGE_STANDARD = gnu11;
				GCC_NO_COMMON_BLOCKS = YES;
				GCC_WARN_64_TO_32_BIT_CONVERSION = YES;
				GCC_WARN_ABOUT_RETURN_TYPE = YES_ERROR;
				GCC_WARN_UNDECLARED_SELECTOR = YES;
				GCC_WARN_UNINITIALIZED_AUTOS = YES_AGGRESSIVE;
				GCC_WARN_UNUSED_FUNCTION = YES;
				GCC_WARN_UNUSED_VARIABLE = YES;
				MACOSX_DEPLOYMENT_TARGET = 10.13;
				MTL_ENABLE_DEBUG_INFO = NO;
				SDKROOT = macosx;
				SWIFT_OPTIMIZATION_LEVEL = "-Owholemodule";
			};
			name = Release;
		};
		FF436BC81FB5B3320025CDB6 /* Debug */ = {
			isa = XCBuildConfiguration;
			buildSettings = {
				ASSETCATALOG_COMPILER_APPICON_NAME = AppIcon;
				CODE_SIGN_STYLE = Automatic;
				COMBINE_HIDPI_IMAGES = YES;
				INFOPLIST_FILE = "$(SRCROOT)/IXRefreshableScrollView/Info.plist";
				LD_RUNPATH_SEARCH_PATHS = "$(inherited) @executable_path/../Frameworks";
				PRODUCT_BUNDLE_IDENTIFIER = site.ixan.IXRefreshableScrollView;
				PRODUCT_NAME = "$(TARGET_NAME)";
				SWIFT_VERSION = 4.0;
			};
			name = Debug;
		};
		FF436BC91FB5B3320025CDB6 /* Release */ = {
			isa = XCBuildConfiguration;
			buildSettings = {
				ASSETCATALOG_COMPILER_APPICON_NAME = AppIcon;
				CODE_SIGN_STYLE = Automatic;
				COMBINE_HIDPI_IMAGES = YES;
				INFOPLIST_FILE = "$(SRCROOT)/IXRefreshableScrollView/Info.plist";
				LD_RUNPATH_SEARCH_PATHS = "$(inherited) @executable_path/../Frameworks";
				PRODUCT_BUNDLE_IDENTIFIER = site.ixan.IXRefreshableScrollView;
				PRODUCT_NAME = "$(TARGET_NAME)";
				SWIFT_VERSION = 4.0;
			};
			name = Release;
		};
/* End XCBuildConfiguration section */

/* Begin XCConfigurationList section */
		FF436BB21FB5B3320025CDB6 /* Build configuration list for PBXProject "IXRefreshableScrollView" */ = {
			isa = XCConfigurationList;
			buildConfigurations = (
				FF436BC51FB5B3320025CDB6 /* Debug */,
				FF436BC61FB5B3320025CDB6 /* Release */,
			);
			defaultConfigurationIsVisible = 0;
			defaultConfigurationName = Release;
		};
		FF436BC71FB5B3320025CDB6 /* Build configuration list for PBXNativeTarget "IXRefreshableScrollView" */ = {
			isa = XCConfigurationList;
			buildConfigurations = (
				FF436BC81FB5B3320025CDB6 /* Debug */,
				FF436BC91FB5B3320025CDB6 /* Release */,
			);
			defaultConfigurationIsVisible = 0;
			defaultConfigurationName = Release;
		};
/* End XCConfigurationList section */
	};
	rootObject = FF436BAF1FB5B3320025CDB6 /* Project object */;
}
